
Microsoft Visual Studio Solution File, Format Version 12.00
# Visual Studio Version 17
VisualStudioVersion = 17.1.32210.238
MinimumVisualStudioVersion = 10.0.40219.1
Project("{8BC9CEB8-8B4A-11D0-8D11-00A0C91BC942}") = "Multidimensional_arrays_Week17(2)", "Multidimensional_arrays_Week17(2)\Multidimensional_arrays_Week17(2).vcxproj", "{48EFF248-CF6E-4166-B911-8A7A7FA207BD}"
EndProject
Global
	GlobalSection(SolutionConfigurationPlatforms) = preSolution
		Debug|x64 = Debug|x64
		Debug|x86 = Debug|x86
		Release|x64 = Release|x64
		Release|x86 = Release|x86
	EndGlobalSection
	GlobalSection(ProjectConfigurationPlatforms) = postSolution
		{48EFF248-CF6E-4166-B911-8A7A7FA207BD}.Debug|x64.ActiveCfg = Debug|x64
		{48EFF248-CF6E-4166-B911-8A7A7FA207BD}.Debug|x64.Build.0 = Debug|x64
		{48EFF248-CF6E-4166-B911-8A7A7FA207BD}.Debug|x86.ActiveCfg = Debug|Win32
		{48EFF248-CF6E-4166-B911-8A7A7FA207BD}.Debug|x86.Build.0 = Debug|Win32
		{48EFF248-CF6E-4166-B911-8A7A7FA207BD}.Release|x64.ActiveCfg = Release|x64
		{48EFF248-CF6E-4166-B911-8A7A7FA207BD}.Release|x64.Build.0 = Release|x64
		{48EFF248-CF6E-4166-B911-8A7A7FA207BD}.Release|x86.ActiveCfg = Release|Win32
		{48EFF248-CF6E-4166-B911-8A7A7FA207BD}.Release|x86.Build.0 = Release|Win32
	EndGlobalSection
	GlobalSection(SolutionProperties) = preSolution
		HideSolutionNode = FALSE
	EndGlobalSection
	GlobalSection(ExtensibilityGlobals) = postSolution
		SolutionGuid = {FB827FEF-42CA-4298-8925-745C1416EB3A}
	EndGlobalSection
EndGlobal
